
Microsoft Visual Studio Solution File, Format Version 12.00
# Visual Studio Version 17
VisualStudioVersion = 17.5.002.0
MinimumVisualStudioVersion = 10.0.40219.1
Project("{9A19103F-16F7-4668-BE54-9A1E7A4F7556}") = "mslearn-modulo4-aulA7-projeto-desafio", "mslearn-modulo4-aulA7-projeto-desafio.csproj", "{E64E8C31-567A-491D-8CD2-6084A98CDA7D}"
EndProject
Global
	GlobalSection(SolutionConfigurationPlatforms) = preSolution
		Debug|Any CPU = Debug|Any CPU
		Release|Any CPU = Release|Any CPU
	EndGlobalSection
	GlobalSection(ProjectConfigurationPlatforms) = postSolution
		{E64E8C31-567A-491D-8CD2-6084A98CDA7D}.Debug|Any CPU.ActiveCfg = Debug|Any CPU
		{E64E8C31-567A-491D-8CD2-6084A98CDA7D}.Debug|Any CPU.Build.0 = Debug|Any CPU
		{E64E8C31-567A-491D-8CD2-6084A98CDA7D}.Release|Any CPU.ActiveCfg = Release|Any CPU
		{E64E8C31-567A-491D-8CD2-6084A98CDA7D}.Release|Any CPU.Build.0 = Release|Any CPU
	EndGlobalSection
	GlobalSection(SolutionProperties) = preSolution
		HideSolutionNode = FALSE
	EndGlobalSection
	GlobalSection(ExtensibilityGlobals) = postSolution
		SolutionGuid = {1701652B-438B-4227-974D-0765385C545C}
	EndGlobalSection
EndGlobal
